// !$*UTF8*$!
{
	archiveVersion = 1;
	classes = {
	};
	objectVersion = 45;
	objects = {

/* Begin PBXBuildFile section */
		1DDD58160DA1D0A300B32029 /* MainMenu.xib in Resources */ = {isa = PBXBuildFile; fileRef = 1DDD58140DA1D0A300B32029 /* MainMenu.xib */; };
		221F61F9100BB76500916122 /* AppDelegate.m in Sources */ = {isa = PBXBuildFile; fileRef = 221F61F8100BB76500916122 /* AppDelegate.m */; };
		221F620D100BB7D600916122 /* IXTototlAccount.m in Sources */ = {isa = PBXBuildFile; fileRef = 221F620A100BB7D600916122 /* IXTototlAccount.m */; };
		221F620E100BB7D600916122 /* IXTwitterAccount.m in Sources */ = {isa = PBXBuildFile; fileRef = 221F620C100BB7D600916122 /* IXTwitterAccount.m */; };
		221F6214100BB7DD00916122 /* EMKeychainProxy.m in Sources */ = {isa = PBXBuildFile; fileRef = 221F6211100BB7DD00916122 /* EMKeychainProxy.m */; };
		221F6215100BB7DD00916122 /* EMKeychainItem.m in Sources */ = {isa = PBXBuildFile; fileRef = 221F6213100BB7DD00916122 /* EMKeychainItem.m */; };
		221F621F100BB7EB00916122 /* README.rtf in Resources */ = {isa = PBXBuildFile; fileRef = 221F621D100BB7EB00916122 /* README.rtf */; };
		221F6220100BB7EB00916122 /* BUILDING.rtf in Resources */ = {isa = PBXBuildFile; fileRef = 221F621E100BB7EB00916122 /* BUILDING.rtf */; };
		221F6229100BB80900916122 /* Growl-WithInstaller.framework in Frameworks */ = {isa = PBXBuildFile; fileRef = 221F6228100BB80900916122 /* Growl-WithInstaller.framework */; };
		221F622B100BB81200916122 /* libxml2.2.dylib in Frameworks */ = {isa = PBXBuildFile; fileRef = 221F622A100BB81200916122 /* libxml2.2.dylib */; };
		221F62E5100BB81F00916122 /* Security.framework in Frameworks */ = {isa = PBXBuildFile; fileRef = 221F62E4100BB81F00916122 /* Security.framework */; };
		221F62FE100BB83F00916122 /* dsa_pub.pem in Resources */ = {isa = PBXBuildFile; fileRef = 221F62E6100BB83F00916122 /* dsa_pub.pem */; };
		221F62FF100BB83F00916122 /* Tototl.icns in Resources */ = {isa = PBXBuildFile; fileRef = 221F62E8100BB83F00916122 /* Tototl.icns */; };
		221F6300100BB83F00916122 /* IxayaStamp.png in Resources */ = {isa = PBXBuildFile; fileRef = 221F62E9100BB83F00916122 /* IxayaStamp.png */; };
		221F6301100BB83F00916122 /* SoftwareUpdate.icns in Resources */ = {isa = PBXBuildFile; fileRef = 221F62EA100BB83F00916122 /* SoftwareUpdate.icns */; };
		221F6302100BB83F00916122 /* iusethis12.png in Resources */ = {isa = PBXBuildFile; fileRef = 221F62EB100BB83F00916122 /* iusethis12.png */; };
		221F6303100BB83F00916122 /* twitter_logo.png in Resources */ = {isa = PBXBuildFile; fileRef = 221F62ED100BB83F00916122 /* twitter_logo.png */; };
		221F6304100BB83F00916122 /* twitter_logo_32.png in Resources */ = {isa = PBXBuildFile; fileRef = 221F62EE100BB83F00916122 /* twitter_logo_32.png */; };
		221F6305100BB83F00916122 /* Twitter_bird.icns in Resources */ = {isa = PBXBuildFile; fileRef = 221F62EF100BB83F00916122 /* Twitter_bird.icns */; };
		221F6306100BB83F00916122 /* Twitter.icns in Resources */ = {isa = PBXBuildFile; fileRef = 221F62F0100BB83F00916122 /* Twitter.icns */; };
		221F6307100BB83F00916122 /* available.png in Resources */ = {isa = PBXBuildFile; fileRef = 221F62F2100BB83F00916122 /* available.png */; };
		221F6308100BB83F00916122 /* away.png in Resources */ = {isa = PBXBuildFile; fileRef = 221F62F3100BB83F00916122 /* away.png */; };
		221F6309100BB83F00916122 /* Feedback.tiff in Resources */ = {isa = PBXBuildFile; fileRef = 221F62F5100BB83F00916122 /* Feedback.tiff */; };
		221F630A100BB83F00916122 /* ReceivedMessage.m4a in Resources */ = {isa = PBXBuildFile; fileRef = 221F62F7100BB83F00916122 /* ReceivedMessage.m4a */; };
		221F630B100BB83F00916122 /* SentMessage.m4a in Resources */ = {isa = PBXBuildFile; fileRef = 221F62F8100BB83F00916122 /* SentMessage.m4a */; };
		221F630C100BB83F00916122 /* ReceivedDirectMessage.m4a in Resources */ = {isa = PBXBuildFile; fileRef = 221F62F9100BB83F00916122 /* ReceivedDirectMessage.m4a */; };
		221F630D100BB83F00916122 /* TototlHeadPurple.png in Resources */ = {isa = PBXBuildFile; fileRef = 221F62FB100BB83F00916122 /* TototlHeadPurple.png */; };
		221F630E100BB83F00916122 /* TototlHeadBlue.png in Resources */ = {isa = PBXBuildFile; fileRef = 221F62FC100BB83F00916122 /* TototlHeadBlue.png */; };
		221F630F100BB83F00916122 /* TototlHeadBlack.png in Resources */ = {isa = PBXBuildFile; fileRef = 221F62FD100BB83F00916122 /* TototlHeadBlack.png */; };
		221F6372100BB9D000916122 /* MGTwitterEngine.m in Sources */ = {isa = PBXBuildFile; fileRef = 221F6344100BB9CF00916122 /* MGTwitterEngine.m */; };
		221F6373100BB9D000916122 /* MGTwitterHTTPURLConnection.m in Sources */ = {isa = PBXBuildFile; fileRef = 221F6347100BB9CF00916122 /* MGTwitterHTTPURLConnection.m */; };
		221F6374100BB9D000916122 /* MGTwitterLibXMLParser.m in Sources */ = {isa = PBXBuildFile; fileRef = 221F634C100BB9CF00916122 /* MGTwitterLibXMLParser.m */; };
		221F6375100BB9D000916122 /* MGTwitterStatusesLibXMLParser.m in Sources */ = {isa = PBXBuildFile; fileRef = 221F634E100BB9CF00916122 /* MGTwitterStatusesLibXMLParser.m */; };
		221F6376100BB9D000916122 /* MGTwitterUsersLibXMLParser.m in Sources */ = {isa = PBXBuildFile; fileRef = 221F6350100BB9CF00916122 /* MGTwitterUsersLibXMLParser.m */; };
		221F6377100BB9D000916122 /* MGTwitterMessagesLibXMLParser.m in Sources */ = {isa = PBXBuildFile; fileRef = 221F6352100BB9CF00916122 /* MGTwitterMessagesLibXMLParser.m */; };
		221F6378100BB9D000916122 /* MGTwitterMiscLibXMLParser.m in Sources */ = {isa = PBXBuildFile; fileRef = 221F6354100BB9D000916122 /* MGTwitterMiscLibXMLParser.m */; };
		221F6379100BB9D000916122 /* MGTwitterXMLParser.m in Sources */ = {isa = PBXBuildFile; fileRef = 221F6357100BB9D000916122 /* MGTwitterXMLParser.m */; };
		221F637A100BB9D000916122 /* MGTwitterStatusesParser.m in Sources */ = {isa = PBXBuildFile; fileRef = 221F6359100BB9D000916122 /* MGTwitterStatusesParser.m */; };
		221F637B100BB9D000916122 /* MGTwitterUsersParser.m in Sources */ = {isa = PBXBuildFile; fileRef = 221F635B100BB9D000916122 /* MGTwitterUsersParser.m */; };
		221F637C100BB9D000916122 /* MGTwitterMessagesParser.m in Sources */ = {isa = PBXBuildFile; fileRef = 221F635D100BB9D000916122 /* MGTwitterMessagesParser.m */; };
		221F637D100BB9D000916122 /* MGTwitterMiscParser.m in Sources */ = {isa = PBXBuildFile; fileRef = 221F635F100BB9D000916122 /* MGTwitterMiscParser.m */; };
		221F637E100BB9D000916122 /* MGTwitterYAJLParser.m in Sources */ = {isa = PBXBuildFile; fileRef = 221F6362100BB9D000916122 /* MGTwitterYAJLParser.m */; };
		221F637F100BB9D000916122 /* MGTwitterStatusesYAJLParser.m in Sources */ = {isa = PBXBuildFile; fileRef = 221F6364100BB9D000916122 /* MGTwitterStatusesYAJLParser.m */; };
		221F6380100BB9D000916122 /* MGTwitterUsersYAJLParser.m in Sources */ = {isa = PBXBuildFile; fileRef = 221F6366100BB9D000916122 /* MGTwitterUsersYAJLParser.m */; };
		221F6381100BB9D000916122 /* MGTwitterMessagesYAJLParser.m in Sources */ = {isa = PBXBuildFile; fileRef = 221F6368100BB9D000916122 /* MGTwitterMessagesYAJLParser.m */; };
		221F6382100BB9D000916122 /* MGTwitterMiscYAJLParser.m in Sources */ = {isa = PBXBuildFile; fileRef = 221F636A100BB9D000916122 /* MGTwitterMiscYAJLParser.m */; };
		221F6383100BB9D000916122 /* MGTwitterSearchYAJLParser.m in Sources */ = {isa = PBXBuildFile; fileRef = 221F636C100BB9D000916122 /* MGTwitterSearchYAJLParser.m */; };
		221F6384100BB9D000916122 /* NSString+UUID.m in Sources */ = {isa = PBXBuildFile; fileRef = 221F636F100BB9D000916122 /* NSString+UUID.m */; };
		221F6385100BB9D000916122 /* NSData+Base64.m in Sources */ = {isa = PBXBuildFile; fileRef = 221F6371100BB9D000916122 /* NSData+Base64.m */; };
		221F63CD100BBFBC00916122 /* Growl-WithInstaller.framework in Copy Frameworks */ = {isa = PBXBuildFile; fileRef = 221F6228100BB80900916122 /* Growl-WithInstaller.framework */; };
		221F63F5100BC09700916122 /* libyajl.1.0.6.dylib in Frameworks */ = {isa = PBXBuildFile; fileRef = 221F63F4100BC09700916122 /* libyajl.1.0.6.dylib */; };
		221F6548100BD1B000916122 /* IXTototlAccountsPreferenceViewController.m in Sources */ = {isa = PBXBuildFile; fileRef = 221F6547100BD1B000916122 /* IXTototlAccountsPreferenceViewController.m */; };
		221F654B100BD20900916122 /* MBPreferencesController.m in Sources */ = {isa = PBXBuildFile; fileRef = 221F654A100BD20900916122 /* MBPreferencesController.m */; };
		221F654E100BD2AA00916122 /* IXPreferencesController.m in Sources */ = {isa = PBXBuildFile; fileRef = 221F654D100BD2AA00916122 /* IXPreferencesController.m */; };
		221F6550100BD2FF00916122 /* IXTototlAccountsPreferenceView.xib in Resources */ = {isa = PBXBuildFile; fileRef = 221F654F100BD2FF00916122 /* IXTototlAccountsPreferenceView.xib */; };
		221F67BE100BF50400916122 /* MIT-License.rtf in Resources */ = {isa = PBXBuildFile; fileRef = 221F67BD100BF50400916122 /* MIT-License.rtf */; };
		221F67C1100BF50900916122 /* RSVerticallyCenteredTextFieldCell.m in Sources */ = {isa = PBXBuildFile; fileRef = 221F67C0100BF50900916122 /* RSVerticallyCenteredTextFieldCell.m */; };
		221F6830100BFC1000916122 /* IXTototlEditAccountWindowController.m in Sources */ = {isa = PBXBuildFile; fileRef = 221F682F100BFC1000916122 /* IXTototlEditAccountWindowController.m */; };
		221F6833100BFC5700916122 /* IXTototlEditTwitterAccountWindowController.m in Sources */ = {isa = PBXBuildFile; fileRef = 221F6832100BFC5700916122 /* IXTototlEditTwitterAccountWindowController.m */; };
		221F6835100BFC9200916122 /* IXTototlEditTwitterAccountWindow.xib in Resources */ = {isa = PBXBuildFile; fileRef = 221F6834100BFC9200916122 /* IXTototlEditTwitterAccountWindow.xib */; };
		221F6871100C0B4B00916122 /* DBBackgroundView.m in Sources */ = {isa = PBXBuildFile; fileRef = 221F686D100C0B4B00916122 /* DBBackgroundView.m */; };
		221F6872100C0B4B00916122 /* CTGradient.m in Sources */ = {isa = PBXBuildFile; fileRef = 221F6870100C0B4B00916122 /* CTGradient.m */; };
		221F68A5100C490A00916122 /* IXTototlConfigurationPreferenceView.xib in Resources */ = {isa = PBXBuildFile; fileRef = 221F68A4100C490A00916122 /* IXTototlConfigurationPreferenceView.xib */; };
		221F68A9100C495400916122 /* IXTototlConfigurationPreferenceViewController.m in Sources */ = {isa = PBXBuildFile; fileRef = 221F68A8100C495400916122 /* IXTototlConfigurationPreferenceViewController.m */; };
		221F692D100C4D2D00916122 /* IXTototlUpdatesPreferenceViewController.m in Sources */ = {isa = PBXBuildFile; fileRef = 221F692C100C4D2D00916122 /* IXTototlUpdatesPreferenceViewController.m */; };
		221F692F100C4D7000916122 /* IXTototlUpdatesPreferenceView.xib in Resources */ = {isa = PBXBuildFile; fileRef = 221F692E100C4D7000916122 /* IXTototlUpdatesPreferenceView.xib */; };
		221F694E100C4F3500916122 /* IXTototlFeedbackPreferenceView.xib in Resources */ = {isa = PBXBuildFile; fileRef = 221F694C100C4F3500916122 /* IXTototlFeedbackPreferenceView.xib */; };
		221F694F100C4F3500916122 /* IXTototlFeedbackPreferenceViewController.m in Sources */ = {isa = PBXBuildFile; fileRef = 221F694D100C4F3500916122 /* IXTototlFeedbackPreferenceViewController.m */; };
		221F6B2A100C6AD900916122 /* AccountsController.m in Sources */ = {isa = PBXBuildFile; fileRef = 221F6B29100C6AD900916122 /* AccountsController.m */; };
		225850F41012CD310013F51B /* IXTwitterMessage.m in Sources */ = {isa = PBXBuildFile; fileRef = 225850F31012CD310013F51B /* IXTwitterMessage.m */; };
		225850F81012CE200013F51B /* IXTwitterUser.m in Sources */ = {isa = PBXBuildFile; fileRef = 225850F71012CE200013F51B /* IXTwitterUser.m */; };
		225850FB1012CF0A0013F51B /* IXTwitterMessageWindowController.m in Sources */ = {isa = PBXBuildFile; fileRef = 225850FA1012CF0A0013F51B /* IXTwitterMessageWindowController.m */; };
		225850FD1012CF670013F51B /* IXTwitterMessageWindow.xib in Resources */ = {isa = PBXBuildFile; fileRef = 225850FC1012CF670013F51B /* IXTwitterMessageWindow.xib */; };
		225851821012DC240013F51B /* heart_broken.png in Resources */ = {isa = PBXBuildFile; fileRef = 225851811012DC240013F51B /* heart_broken.png */; };
		225851841012DCB10013F51B /* heart.png in Resources */ = {isa = PBXBuildFile; fileRef = 225851831012DCB10013F51B /* heart.png */; };
		225852961012F8310013F51B /* idle.png in Resources */ = {isa = PBXBuildFile; fileRef = 225852951012F8310013F51B /* idle.png */; };
		22828E3210131297001B84BD /* Reply.png in Resources */ = {isa = PBXBuildFile; fileRef = 22828E3010131297001B84BD /* Reply.png */; };
		22828E3310131297001B84BD /* GrayReplay.png in Resources */ = {isa = PBXBuildFile; fileRef = 22828E3110131297001B84BD /* GrayReplay.png */; };
		22828EFD10131A41001B84BD /* Carbon.framework in Frameworks */ = {isa = PBXBuildFile; fileRef = 22828EFC10131A41001B84BD /* Carbon.framework */; };
		8D11072B0486CEB800E47090 /* InfoPlist.strings in Resources */ = {isa = PBXBuildFile; fileRef = 089C165CFE840E0CC02AAC07 /* InfoPlist.strings */; };
		8D11072D0486CEB800E47090 /* main.m in Sources */ = {isa = PBXBuildFile; fileRef = 29B97316FDCFA39411CA2CEA /* main.m */; settings = {ATTRIBUTES = (); }; };
		8D11072F0486CEB800E47090 /* Cocoa.framework in Frameworks */ = {isa = PBXBuildFile; fileRef = 1058C7A1FEA54F0111CA2CBB /* Cocoa.framework */; };
/* End PBXBuildFile section */

/* Begin PBXCopyFilesBuildPhase section */
		221F63EB100BBFC700916122 /* Copy Frameworks */ = {
			isa = PBXCopyFilesBuildPhase;
			buildActionMask = 2147483647;
			dstPath = "";
			dstSubfolderSpec = 10;
			files = (
				221F63CD100BBFBC00916122 /* Growl-WithInstaller.framework in Copy Frameworks */,
			);
			name = "Copy Frameworks";
			runOnlyForDeploymentPostprocessing = 0;
		};
/* End PBXCopyFilesBuildPhase section */

/* Begin PBXFileReference section */
		089C165DFE840E0CC02AAC07 /* English */ = {isa = PBXFileReference; fileEncoding = 10; lastKnownFileType = text.plist.strings; name = English; path = English.lproj/InfoPlist.strings; sourceTree = "<group>"; };
		1058C7A1FEA54F0111CA2CBB /* Cocoa.framework */ = {isa = PBXFileReference; lastKnownFileType = wrapper.framework; name = Cocoa.framework; path = /System/Library/Frameworks/Cocoa.framework; sourceTree = "<absolute>"; };
		13E42FB307B3F0F600E4EEF1 /* CoreData.framework */ = {isa = PBXFileReference; lastKnownFileType = wrapper.framework; name = CoreData.framework; path = /System/Library/Frameworks/CoreData.framework; sourceTree = "<absolute>"; };
		1DDD58150DA1D0A300B32029 /* English */ = {isa = PBXFileReference; lastKnownFileType = file.xib; name = English; path = English.lproj/MainMenu.xib; sourceTree = "<group>"; };
		221F61F7100BB76500916122 /* AppDelegate.h */ = {isa = PBXFileReference; fileEncoding = 4; lastKnownFileType = sourcecode.c.h; path = AppDelegate.h; sourceTree = "<group>"; };
		221F61F8100BB76500916122 /* AppDelegate.m */ = {isa = PBXFileReference; fileEncoding = 4; lastKnownFileType = sourcecode.c.objc; path = AppDelegate.m; sourceTree = "<group>"; };
		221F6209100BB7D600916122 /* IXTototlAccount.h */ = {isa = PBXFileReference; fileEncoding = 4; lastKnownFileType = sourcecode.c.h; path = IXTototlAccount.h; sourceTree = "<group>"; };
		221F620A100BB7D600916122 /* IXTototlAccount.m */ = {isa = PBXFileReference; fileEncoding = 4; lastKnownFileType = sourcecode.c.objc; path = IXTototlAccount.m; sourceTree = "<group>"; };
		221F620B100BB7D600916122 /* IXTwitterAccount.h */ = {isa = PBXFileReference; fileEncoding = 4; lastKnownFileType = sourcecode.c.h; path = IXTwitterAccount.h; sourceTree = "<group>"; };
		221F620C100BB7D600916122 /* IXTwitterAccount.m */ = {isa = PBXFileReference; fileEncoding = 4; lastKnownFileType = sourcecode.c.objc; path = IXTwitterAccount.m; sourceTree = "<group>"; };
		221F6210100BB7DD00916122 /* EMKeychainProxy.h */ = {isa = PBXFileReference; fileEncoding = 4; lastKnownFileType = sourcecode.c.h; path = EMKeychainProxy.h; sourceTree = "<group>"; };
		221F6211100BB7DD00916122 /* EMKeychainProxy.m */ = {isa = PBXFileReference; fileEncoding = 4; lastKnownFileType = sourcecode.c.objc; path = EMKeychainProxy.m; sourceTree = "<group>"; };
		221F6212100BB7DD00916122 /* EMKeychainItem.h */ = {isa = PBXFileReference; fileEncoding = 4; lastKnownFileType = sourcecode.c.h; path = EMKeychainItem.h; sourceTree = "<group>"; };
		221F6213100BB7DD00916122 /* EMKeychainItem.m */ = {isa = PBXFileReference; fileEncoding = 4; lastKnownFileType = sourcecode.c.objc; path = EMKeychainItem.m; sourceTree = "<group>"; };
		221F6217100BB7E600916122 /* Preferences.xib */ = {isa = PBXFileReference; lastKnownFileType = file.xib; path = Preferences.xib; sourceTree = "<group>"; };
		221F621D100BB7EB00916122 /* README.rtf */ = {isa = PBXFileReference; lastKnownFileType = text.rtf; path = README.rtf; sourceTree = "<group>"; };
		221F621E100BB7EB00916122 /* BUILDING.rtf */ = {isa = PBXFileReference; lastKnownFileType = text.rtf; path = BUILDING.rtf; sourceTree = "<group>"; };
		221F6228100BB80900916122 /* Growl-WithInstaller.framework */ = {isa = PBXFileReference; lastKnownFileType = wrapper.framework; name = "Growl-WithInstaller.framework"; path = "/Library/Frameworks/Growl-WithInstaller.framework"; sourceTree = "<absolute>"; };
		221F622A100BB81200916122 /* libxml2.2.dylib */ = {isa = PBXFileReference; lastKnownFileType = "compiled.mach-o.dylib"; name = libxml2.2.dylib; path = /usr/lib/libxml2.2.dylib; sourceTree = "<absolute>"; };
		221F62E4100BB81F00916122 /* Security.framework */ = {isa = PBXFileReference; lastKnownFileType = wrapper.framework; name = Security.framework; path = /System/Library/Frameworks/Security.framework; sourceTree = "<absolute>"; };
		221F62E6100BB83F00916122 /* dsa_pub.pem */ = {isa = PBXFileReference; fileEncoding = 4; lastKnownFileType = text; path = dsa_pub.pem; sourceTree = "<group>"; };
		221F62E8100BB83F00916122 /* Tototl.icns */ = {isa = PBXFileReference; lastKnownFileType = image.icns; path = Tototl.icns; sourceTree = "<group>"; };
		221F62E9100BB83F00916122 /* IxayaStamp.png */ = {isa = PBXFileReference; lastKnownFileType = image.png; path = IxayaStamp.png; sourceTree = "<group>"; };
		221F62EA100BB83F00916122 /* SoftwareUpdate.icns */ = {isa = PBXFileReference; lastKnownFileType = image.icns; path = SoftwareUpdate.icns; sourceTree = "<group>"; };
		221F62EB100BB83F00916122 /* iusethis12.png */ = {isa = PBXFileReference; lastKnownFileType = image.png; path = iusethis12.png; sourceTree = "<group>"; };
		221F62ED100BB83F00916122 /* twitter_logo.png */ = {isa = PBXFileReference; lastKnownFileType = image.png; path = twitter_logo.png; sourceTree = "<group>"; };
		221F62EE100BB83F00916122 /* twitter_logo_32.png */ = {isa = PBXFileReference; lastKnownFileType = image.png; path = twitter_logo_32.png; sourceTree = "<group>"; };
		221F62EF100BB83F00916122 /* Twitter_bird.icns */ = {isa = PBXFileReference; lastKnownFileType = image.icns; path = Twitter_bird.icns; sourceTree = "<group>"; };
		221F62F0100BB83F00916122 /* Twitter.icns */ = {isa = PBXFileReference; lastKnownFileType = image.icns; path = Twitter.icns; sourceTree = "<group>"; };
		221F62F2100BB83F00916122 /* available.png */ = {isa = PBXFileReference; lastKnownFileType = image.png; path = available.png; sourceTree = "<group>"; };
		221F62F3100BB83F00916122 /* away.png */ = {isa = PBXFileReference; lastKnownFileType = image.png; path = away.png; sourceTree = "<group>"; };
		221F62F5100BB83F00916122 /* Feedback.tiff */ = {isa = PBXFileReference; lastKnownFileType = image.tiff; path = Feedback.tiff; sourceTree = "<group>"; };
		221F62F7100BB83F00916122 /* ReceivedMessage.m4a */ = {isa = PBXFileReference; lastKnownFileType = file; path = ReceivedMessage.m4a; sourceTree = "<group>"; };
		221F62F8100BB83F00916122 /* SentMessage.m4a */ = {isa = PBXFileReference; lastKnownFileType = file; path = SentMessage.m4a; sourceTree = "<group>"; };
		221F62F9100BB83F00916122 /* ReceivedDirectMessage.m4a */ = {isa = PBXFileReference; lastKnownFileType = file; path = ReceivedDirectMessage.m4a; sourceTree = "<group>"; };
		221F62FB100BB83F00916122 /* TototlHeadPurple.png */ = {isa = PBXFileReference; lastKnownFileType = image.png; path = TototlHeadPurple.png; sourceTree = "<group>"; };
		221F62FC100BB83F00916122 /* TototlHeadBlue.png */ = {isa = PBXFileReference; lastKnownFileType = image.png; path = TototlHeadBlue.png; sourceTree = "<group>"; };
		221F62FD100BB83F00916122 /* TototlHeadBlack.png */ = {isa = PBXFileReference; lastKnownFileType = image.png; path = TototlHeadBlack.png; sourceTree = "<group>"; };
		221F6342100BB9CF00916122 /* MGTwitterEngineGlobalHeader.h */ = {isa = PBXFileReference; fileEncoding = 4; lastKnownFileType = sourcecode.c.h; path = MGTwitterEngineGlobalHeader.h; sourceTree = "<group>"; };
		221F6343100BB9CF00916122 /* MGTwitterEngine.h */ = {isa = PBXFileReference; fileEncoding = 4; lastKnownFileType = sourcecode.c.h; path = MGTwitterEngine.h; sourceTree = "<group>"; };
		221F6344100BB9CF00916122 /* MGTwitterEngine.m */ = {isa = PBXFileReference; fileEncoding = 4; lastKnownFileType = sourcecode.c.objc; path = MGTwitterEngine.m; sourceTree = "<group>"; };
		221F6345100BB9CF00916122 /* MGTwitterEngineDelegate.h */ = {isa = PBXFileReference; fileEncoding = 4; lastKnownFileType = sourcecode.c.h; path = MGTwitterEngineDelegate.h; sourceTree = "<group>"; };
		221F6346100BB9CF00916122 /* MGTwitterHTTPURLConnection.h */ = {isa = PBXFileReference; fileEncoding = 4; lastKnownFileType = sourcecode.c.h; path = MGTwitterHTTPURLConnection.h; sourceTree = "<group>"; };
		221F6347100BB9CF00916122 /* MGTwitterHTTPURLConnection.m */ = {isa = PBXFileReference; fileEncoding = 4; lastKnownFileType = sourcecode.c.objc; path = MGTwitterHTTPURLConnection.m; sourceTree = "<group>"; };
		221F6348100BB9CF00916122 /* MGTwitterRequestTypes.h */ = {isa = PBXFileReference; fileEncoding = 4; lastKnownFileType = sourcecode.c.h; path = MGTwitterRequestTypes.h; sourceTree = "<group>"; };
		221F6349100BB9CF00916122 /* MGTwitterParserDelegate.h */ = {isa = PBXFileReference; fileEncoding = 4; lastKnownFileType = sourcecode.c.h; path = MGTwitterParserDelegate.h; sourceTree = "<group>"; };
		221F634B100BB9CF00916122 /* MGTwitterLibXMLParser.h */ = {isa = PBXFileReference; fileEncoding = 4; lastKnownFileType = sourcecode.c.h; path = MGTwitterLibXMLParser.h; sourceTree = "<group>"; };
		221F634C100BB9CF00916122 /* MGTwitterLibXMLParser.m */ = {isa = PBXFileReference; fileEncoding = 4; lastKnownFileType = sourcecode.c.objc; path = MGTwitterLibXMLParser.m; sourceTree = "<group>"; };
		221F634D100BB9CF00916122 /* MGTwitterStatusesLibXMLParser.h */ = {isa = PBXFileReference; fileEncoding = 4; lastKnownFileType = sourcecode.c.h; path = MGTwitterStatusesLibXMLParser.h; sourceTree = "<group>"; };
		221F634E100BB9CF00916122 /* MGTwitterStatusesLibXMLParser.m */ = {isa = PBXFileReference; fileEncoding = 4; lastKnownFileType = sourcecode.c.objc; path = MGTwitterStatusesLibXMLParser.m; sourceTree = "<group>"; };
		221F634F100BB9CF00916122 /* MGTwitterUsersLibXMLParser.h */ = {isa = PBXFileReference; fileEncoding = 4; lastKnownFileType = sourcecode.c.h; path = MGTwitterUsersLibXMLParser.h; sourceTree = "<group>"; };
		221F6350100BB9CF00916122 /* MGTwitterUsersLibXMLParser.m */ = {isa = PBXFileReference; fileEncoding = 4; lastKnownFileType = sourcecode.c.objc; path = MGTwitterUsersLibXMLParser.m; sourceTree = "<group>"; };
		221F6351100BB9CF00916122 /* MGTwitterMessagesLibXMLParser.h */ = {isa = PBXFileReference; fileEncoding = 4; lastKnownFileType = sourcecode.c.h; path = MGTwitterMessagesLibXMLParser.h; sourceTree = "<group>"; };
		221F6352100BB9CF00916122 /* MGTwitterMessagesLibXMLParser.m */ = {isa = PBXFileReference; fileEncoding = 4; lastKnownFileType = sourcecode.c.objc; path = MGTwitterMessagesLibXMLParser.m; sourceTree = "<group>"; };
		221F6353100BB9CF00916122 /* MGTwitterMiscLibXMLParser.h */ = {isa = PBXFileReference; fileEncoding = 4; lastKnownFileType = sourcecode.c.h; path = MGTwitterMiscLibXMLParser.h; sourceTree = "<group>"; };
		221F6354100BB9D000916122 /* MGTwitterMiscLibXMLParser.m */ = {isa = PBXFileReference; fileEncoding = 4; lastKnownFileType = sourcecode.c.objc; path = MGTwitterMiscLibXMLParser.m; sourceTree = "<group>"; };
		221F6356100BB9D000916122 /* MGTwitterXMLParser.h */ = {isa = PBXFileReference; fileEncoding = 4; lastKnownFileType = sourcecode.c.h; path = MGTwitterXMLParser.h; sourceTree = "<group>"; };
		221F6357100BB9D000916122 /* MGTwitterXMLParser.m */ = {isa = PBXFileReference; fileEncoding = 4; lastKnownFileType = sourcecode.c.objc; path = MGTwitterXMLParser.m; sourceTree = "<group>"; };
		221F6358100BB9D000916122 /* MGTwitterStatusesParser.h */ = {isa = PBXFileReference; fileEncoding = 4; lastKnownFileType = sourcecode.c.h; path = MGTwitterStatusesParser.h; sourceTree = "<group>"; };
		221F6359100BB9D000916122 /* MGTwitterStatusesParser.m */ = {isa = PBXFileReference; fileEncoding = 4; lastKnownFileType = sourcecode.c.objc; path = MGTwitterStatusesParser.m; sourceTree = "<group>"; };
		221F635A100BB9D000916122 /* MGTwitterUsersParser.h */ = {isa = PBXFileReference; fileEncoding = 4; lastKnownFileType = sourcecode.c.h; path = MGTwitterUsersParser.h; sourceTree = "<group>"; };
		221F635B100BB9D000916122 /* MGTwitterUsersParser.m */ = {isa = PBXFileReference; fileEncoding = 4; lastKnownFileType = sourcecode.c.objc; path = MGTwitterUsersParser.m; sourceTree = "<group>"; };
		221F635C100BB9D000916122 /* MGTwitterMessagesParser.h */ = {isa = PBXFileReference; fileEncoding = 4; lastKnownFileType = sourcecode.c.h; path = MGTwitterMessagesParser.h; sourceTree = "<group>"; };
		221F635D100BB9D000916122 /* MGTwitterMessagesParser.m */ = {isa = PBXFileReference; fileEncoding = 4; lastKnownFileType = sourcecode.c.objc; path = MGTwitterMessagesParser.m; sourceTree = "<group>"; };
		221F635E100BB9D000916122 /* MGTwitterMiscParser.h */ = {isa = PBXFileReference; fileEncoding = 4; lastKnownFileType = sourcecode.c.h; path = MGTwitterMiscParser.h; sourceTree = "<group>"; };
		221F635F100BB9D000916122 /* MGTwitterMiscParser.m */ = {isa = PBXFileReference; fileEncoding = 4; lastKnownFileType = sourcecode.c.objc; path = MGTwitterMiscParser.m; sourceTree = "<group>"; };
		221F6361100BB9D000916122 /* MGTwitterYAJLParser.h */ = {isa = PBXFileReference; fileEncoding = 4; lastKnownFileType = sourcecode.c.h; path = MGTwitterYAJLParser.h; sourceTree = "<group>"; };
		221F6362100BB9D000916122 /* MGTwitterYAJLParser.m */ = {isa = PBXFileReference; fileEncoding = 4; lastKnownFileType = sourcecode.c.objc; path = MGTwitterYAJLParser.m; sourceTree = "<group>"; };
		221F6363100BB9D000916122 /* MGTwitterStatusesYAJLParser.h */ = {isa = PBXFileReference; fileEncoding = 4; lastKnownFileType = sourcecode.c.h; path = MGTwitterStatusesYAJLParser.h; sourceTree = "<group>"; };
		221F6364100BB9D000916122 /* MGTwitterStatusesYAJLParser.m */ = {isa = PBXFileReference; fileEncoding = 4; lastKnownFileType = sourcecode.c.objc; path = MGTwitterStatusesYAJLParser.m; sourceTree = "<group>"; };
		221F6365100BB9D000916122 /* MGTwitterUsersYAJLParser.h */ = {isa = PBXFileReference; fileEncoding = 4; lastKnownFileType = sourcecode.c.h; path = MGTwitterUsersYAJLParser.h; sourceTree = "<group>"; };
		221F6366100BB9D000916122 /* MGTwitterUsersYAJLParser.m */ = {isa = PBXFileReference; fileEncoding = 4; lastKnownFileType = sourcecode.c.objc; path = MGTwitterUsersYAJLParser.m; sourceTree = "<group>"; };
		221F6367100BB9D000916122 /* MGTwitterMessagesYAJLParser.h */ = {isa = PBXFileReference; fileEncoding = 4; lastKnownFileType = sourcecode.c.h; path = MGTwitterMessagesYAJLParser.h; sourceTree = "<group>"; };
		221F6368100BB9D000916122 /* MGTwitterMessagesYAJLParser.m */ = {isa = PBXFileReference; fileEncoding = 4; lastKnownFileType = sourcecode.c.objc; path = MGTwitterMessagesYAJLParser.m; sourceTree = "<group>"; };
		221F6369100BB9D000916122 /* MGTwitterMiscYAJLParser.h */ = {isa = PBXFileReference; fileEncoding = 4; lastKnownFileType = sourcecode.c.h; path = MGTwitterMiscYAJLParser.h; sourceTree = "<group>"; };
		221F636A100BB9D000916122 /* MGTwitterMiscYAJLParser.m */ = {isa = PBXFileReference; fileEncoding = 4; lastKnownFileType = sourcecode.c.objc; path = MGTwitterMiscYAJLParser.m; sourceTree = "<group>"; };
		221F636B100BB9D000916122 /* MGTwitterSearchYAJLParser.h */ = {isa = PBXFileReference; fileEncoding = 4; lastKnownFileType = sourcecode.c.h; path = MGTwitterSearchYAJLParser.h; sourceTree = "<group>"; };
		221F636C100BB9D000916122 /* MGTwitterSearchYAJLParser.m */ = {isa = PBXFileReference; fileEncoding = 4; lastKnownFileType = sourcecode.c.objc; path = MGTwitterSearchYAJLParser.m; sourceTree = "<group>"; };
		221F636E100BB9D000916122 /* NSString+UUID.h */ = {isa = PBXFileReference; fileEncoding = 4; lastKnownFileType = sourcecode.c.h; path = "NSString+UUID.h"; sourceTree = "<group>"; };
		221F636F100BB9D000916122 /* NSString+UUID.m */ = {isa = PBXFileReference; fileEncoding = 4; lastKnownFileType = sourcecode.c.objc; path = "NSString+UUID.m"; sourceTree = "<group>"; };
		221F6370100BB9D000916122 /* NSData+Base64.h */ = {isa = PBXFileReference; fileEncoding = 4; lastKnownFileType = sourcecode.c.h; path = "NSData+Base64.h"; sourceTree = "<group>"; };
		221F6371100BB9D000916122 /* NSData+Base64.m */ = {isa = PBXFileReference; fileEncoding = 4; lastKnownFileType = sourcecode.c.objc; path = "NSData+Base64.m"; sourceTree = "<group>"; };
		221F63F4100BC09700916122 /* libyajl.1.0.6.dylib */ = {isa = PBXFileReference; lastKnownFileType = "compiled.mach-o.dylib"; name = libyajl.1.0.6.dylib; path = /usr/local/lib/libyajl.1.0.6.dylib; sourceTree = "<absolute>"; };
		221F6546100BD1B000916122 /* IXTototlAccountsPreferenceViewController.h */ = {isa = PBXFileReference; fileEncoding = 4; lastKnownFileType = sourcecode.c.h; path = IXTototlAccountsPreferenceViewController.h; sourceTree = "<group>"; };
		221F6547100BD1B000916122 /* IXTototlAccountsPreferenceViewController.m */ = {isa = PBXFileReference; fileEncoding = 4; lastKnownFileType = sourcecode.c.objc; path = IXTototlAccountsPreferenceViewController.m; sourceTree = "<group>"; };
		221F6549100BD20900916122 /* MBPreferencesController.h */ = {isa = PBXFileReference; fileEncoding = 4; lastKnownFileType = sourcecode.c.h; path = MBPreferencesController.h; sourceTree = "<group>"; };
		221F654A100BD20900916122 /* MBPreferencesController.m */ = {isa = PBXFileReference; fileEncoding = 4; lastKnownFileType = sourcecode.c.objc; path = MBPreferencesController.m; sourceTree = "<group>"; };
		221F654C100BD2AA00916122 /* IXPreferencesController.h */ = {isa = PBXFileReference; fileEncoding = 4; lastKnownFileType = sourcecode.c.h; path = IXPreferencesController.h; sourceTree = "<group>"; };
		221F654D100BD2AA00916122 /* IXPreferencesController.m */ = {isa = PBXFileReference; fileEncoding = 4; lastKnownFileType = sourcecode.c.objc; path = IXPreferencesController.m; sourceTree = "<group>"; };
		221F654F100BD2FF00916122 /* IXTototlAccountsPreferenceView.xib */ = {isa = PBXFileReference; lastKnownFileType = file.xib; path = IXTototlAccountsPreferenceView.xib; sourceTree = "<group>"; };
		221F67BD100BF50400916122 /* MIT-License.rtf */ = {isa = PBXFileReference; lastKnownFileType = text.rtf; path = "MIT-License.rtf"; sourceTree = "<group>"; };
		221F67BF100BF50900916122 /* RSVerticallyCenteredTextFieldCell.h */ = {isa = PBXFileReference; fileEncoding = 4; lastKnownFileType = sourcecode.c.h; path = RSVerticallyCenteredTextFieldCell.h; sourceTree = "<group>"; };
		221F67C0100BF50900916122 /* RSVerticallyCenteredTextFieldCell.m */ = {isa = PBXFileReference; fileEncoding = 4; lastKnownFileType = sourcecode.c.objc; path = RSVerticallyCenteredTextFieldCell.m; sourceTree = "<group>"; };
		221F682E100BFC1000916122 /* IXTototlEditAccountWindowController.h */ = {isa = PBXFileReference; fileEncoding = 4; lastKnownFileType = sourcecode.c.h; path = IXTototlEditAccountWindowController.h; sourceTree = "<group>"; };
		221F682F100BFC1000916122 /* IXTototlEditAccountWindowController.m */ = {isa = PBXFileReference; fileEncoding = 4; lastKnownFileType = sourcecode.c.objc; path = IXTototlEditAccountWindowController.m; sourceTree = "<group>"; };
		221F6831100BFC5700916122 /* IXTototlEditTwitterAccountWindowController.h */ = {isa = PBXFileReference; fileEncoding = 4; lastKnownFileType = sourcecode.c.h; path = IXTototlEditTwitterAccountWindowController.h; sourceTree = "<group>"; };
		221F6832100BFC5700916122 /* IXTototlEditTwitterAccountWindowController.m */ = {isa = PBXFileReference; fileEncoding = 4; lastKnownFileType = sourcecode.c.objc; path = IXTototlEditTwitterAccountWindowController.m; sourceTree = "<group>"; };
		221F6834100BFC9200916122 /* IXTototlEditTwitterAccountWindow.xib */ = {isa = PBXFileReference; lastKnownFileType = file.xib; path = IXTototlEditTwitterAccountWindow.xib; sourceTree = "<group>"; };
		221F686D100C0B4B00916122 /* DBBackgroundView.m */ = {isa = PBXFileReference; fileEncoding = 4; lastKnownFileType = sourcecode.c.objc; path = DBBackgroundView.m; sourceTree = "<group>"; };
		221F686E100C0B4B00916122 /* CTGradient.h */ = {isa = PBXFileReference; fileEncoding = 4; lastKnownFileType = sourcecode.c.h; path = CTGradient.h; sourceTree = "<group>"; };
		221F686F100C0B4B00916122 /* DBBackgroundView.h */ = {isa = PBXFileReference; fileEncoding = 4; lastKnownFileType = sourcecode.c.h; path = DBBackgroundView.h; sourceTree = "<group>"; };
		221F6870100C0B4B00916122 /* CTGradient.m */ = {isa = PBXFileReference; fileEncoding = 4; lastKnownFileType = sourcecode.c.objc; path = CTGradient.m; sourceTree = "<group>"; };
		221F68A4100C490A00916122 /* IXTototlConfigurationPreferenceView.xib */ = {isa = PBXFileReference; lastKnownFileType = file.xib; path = IXTototlConfigurationPreferenceView.xib; sourceTree = "<group>"; };
		221F68A7100C495400916122 /* IXTototlConfigurationPreferenceViewController.h */ = {isa = PBXFileReference; fileEncoding = 4; lastKnownFileType = sourcecode.c.h; path = IXTototlConfigurationPreferenceViewController.h; sourceTree = "<group>"; };
		221F68A8100C495400916122 /* IXTototlConfigurationPreferenceViewController.m */ = {isa = PBXFileReference; fileEncoding = 4; lastKnownFileType = sourcecode.c.objc; path = IXTototlConfigurationPreferenceViewController.m; sourceTree = "<group>"; };
		221F692B100C4D2D00916122 /* IXTototlUpdatesPreferenceViewController.h */ = {isa = PBXFileReference; fileEncoding = 4; lastKnownFileType = sourcecode.c.h; path = IXTototlUpdatesPreferenceViewController.h; sourceTree = "<group>"; };
		221F692C100C4D2D00916122 /* IXTototlUpdatesPreferenceViewController.m */ = {isa = PBXFileReference; fileEncoding = 4; lastKnownFileType = sourcecode.c.objc; path = IXTototlUpdatesPreferenceViewController.m; sourceTree = "<group>"; };
		221F692E100C4D7000916122 /* IXTototlUpdatesPreferenceView.xib */ = {isa = PBXFileReference; lastKnownFileType = file.xib; path = IXTototlUpdatesPreferenceView.xib; sourceTree = "<group>"; };
		221F694B100C4F3500916122 /* IXTototlFeedbackPreferenceViewController.h */ = {isa = PBXFileReference; fileEncoding = 4; lastKnownFileType = sourcecode.c.h; path = IXTototlFeedbackPreferenceViewController.h; sourceTree = "<group>"; };
		221F694C100C4F3500916122 /* IXTototlFeedbackPreferenceView.xib */ = {isa = PBXFileReference; lastKnownFileType = file.xib; path = IXTototlFeedbackPreferenceView.xib; sourceTree = "<group>"; };
		221F694D100C4F3500916122 /* IXTototlFeedbackPreferenceViewController.m */ = {isa = PBXFileReference; fileEncoding = 4; lastKnownFileType = sourcecode.c.objc; path = IXTototlFeedbackPreferenceViewController.m; sourceTree = "<group>"; };
		221F6B28100C6AD900916122 /* AccountsController.h */ = {isa = PBXFileReference; fileEncoding = 4; lastKnownFileType = sourcecode.c.h; path = AccountsController.h; sourceTree = "<group>"; };
		221F6B29100C6AD900916122 /* AccountsController.m */ = {isa = PBXFileReference; fileEncoding = 4; lastKnownFileType = sourcecode.c.objc; path = AccountsController.m; sourceTree = "<group>"; };
		225850F21012CD310013F51B /* IXTwitterMessage.h */ = {isa = PBXFileReference; fileEncoding = 4; lastKnownFileType = sourcecode.c.h; path = IXTwitterMessage.h; sourceTree = "<group>"; };
		225850F31012CD310013F51B /* IXTwitterMessage.m */ = {isa = PBXFileReference; fileEncoding = 4; lastKnownFileType = sourcecode.c.objc; path = IXTwitterMessage.m; sourceTree = "<group>"; };
		225850F61012CE200013F51B /* IXTwitterUser.h */ = {isa = PBXFileReference; fileEncoding = 4; lastKnownFileType = sourcecode.c.h; path = IXTwitterUser.h; sourceTree = "<group>"; };
		225850F71012CE200013F51B /* IXTwitterUser.m */ = {isa = PBXFileReference; fileEncoding = 4; lastKnownFileType = sourcecode.c.objc; path = IXTwitterUser.m; sourceTree = "<group>"; };
		225850F91012CF0A0013F51B /* IXTwitterMessageWindowController.h */ = {isa = PBXFileReference; fileEncoding = 4; lastKnownFileType = sourcecode.c.h; path = IXTwitterMessageWindowController.h; sourceTree = "<group>"; };
		225850FA1012CF0A0013F51B /* IXTwitterMessageWindowController.m */ = {isa = PBXFileReference; fileEncoding = 4; lastKnownFileType = sourcecode.c.objc; path = IXTwitterMessageWindowController.m; sourceTree = "<group>"; };
		225850FC1012CF670013F51B /* IXTwitterMessageWindow.xib */ = {isa = PBXFileReference; lastKnownFileType = file.xib; path = IXTwitterMessageWindow.xib; sourceTree = "<group>"; };
		225851811012DC240013F51B /* heart_broken.png */ = {isa = PBXFileReference; lastKnownFileType = image.png; path = heart_broken.png; sourceTree = "<group>"; };
		225851831012DCB10013F51B /* heart.png */ = {isa = PBXFileReference; lastKnownFileType = image.png; path = heart.png; sourceTree = "<group>"; };
		225852951012F8310013F51B /* idle.png */ = {isa = PBXFileReference; lastKnownFileType = image.png; path = idle.png; sourceTree = "<group>"; };
		22828E3010131297001B84BD /* Reply.png */ = {isa = PBXFileReference; lastKnownFileType = image.png; path = Reply.png; sourceTree = "<group>"; };
		22828E3110131297001B84BD /* GrayReplay.png */ = {isa = PBXFileReference; lastKnownFileType = image.png; path = GrayReplay.png; sourceTree = "<group>"; };
		22828EFC10131A41001B84BD /* Carbon.framework */ = {isa = PBXFileReference; lastKnownFileType = wrapper.framework; name = Carbon.framework; path = /System/Library/Frameworks/Carbon.framework; sourceTree = "<absolute>"; };
		29B97316FDCFA39411CA2CEA /* main.m */ = {isa = PBXFileReference; fileEncoding = 4; lastKnownFileType = sourcecode.c.objc; path = main.m; sourceTree = "<group>"; };
		29B97324FDCFA39411CA2CEA /* AppKit.framework */ = {isa = PBXFileReference; lastKnownFileType = wrapper.framework; name = AppKit.framework; path = /System/Library/Frameworks/AppKit.framework; sourceTree = "<absolute>"; };
		29B97325FDCFA39411CA2CEA /* Foundation.framework */ = {isa = PBXFileReference; lastKnownFileType = wrapper.framework; name = Foundation.framework; path = /System/Library/Frameworks/Foundation.framework; sourceTree = "<absolute>"; };
		32CA4F630368D1EE00C91783 /* Tototl_Prefix.pch */ = {isa = PBXFileReference; fileEncoding = 4; lastKnownFileType = sourcecode.c.h; path = Tototl_Prefix.pch; sourceTree = "<group>"; };
		8D1107310486CEB800E47090 /* Info.plist */ = {isa = PBXFileReference; fileEncoding = 4; lastKnownFileType = text.plist.xml; path = Info.plist; sourceTree = "<group>"; };
		8D1107320486CEB800E47090 /* Tototl.app */ = {isa = PBXFileReference; explicitFileType = wrapper.application; includeInIndex = 0; path = Tototl.app; sourceTree = BUILT_PRODUCTS_DIR; };
/* End PBXFileReference section */

/* Begin PBXFrameworksBuildPhase section */
		8D11072E0486CEB800E47090 /* Frameworks */ = {
			isa = PBXFrameworksBuildPhase;
			buildActionMask = 2147483647;
			files = (
				8D11072F0486CEB800E47090 /* Cocoa.framework in Frameworks */,
				221F6229100BB80900916122 /* Growl-WithInstaller.framework in Frameworks */,
				221F622B100BB81200916122 /* libxml2.2.dylib in Frameworks */,
				221F62E5100BB81F00916122 /* Security.framework in Frameworks */,
				221F63F5100BC09700916122 /* libyajl.1.0.6.dylib in Frameworks */,
				22828EFD10131A41001B84BD /* Carbon.framework in Frameworks */,
			);
			runOnlyForDeploymentPostprocessing = 0;
		};
/* End PBXFrameworksBuildPhase section */

/* Begin PBXGroup section */
		080E96DDFE201D6D7F000001 /* Classes */ = {
			isa = PBXGroup;
			children = (
				221F67C2100BF50D00916122 /* Visuals */,
				221F6310100BB9AB00916122 /* Twitter */,
				221F6216100BB7E600916122 /* Preferences */,
				221F620F100BB7DD00916122 /* Security */,
				221F61FC100BB76800916122 /* Tototl */,
				221F61F7100BB76500916122 /* AppDelegate.h */,
				221F61F8100BB76500916122 /* AppDelegate.m */,
			);
			name = Classes;
			sourceTree = "<group>";
		};
		1058C7A0FEA54F0111CA2CBB /* Linked Frameworks */ = {
			isa = PBXGroup;
			children = (
				1058C7A1FEA54F0111CA2CBB /* Cocoa.framework */,
			);
			name = "Linked Frameworks";
			sourceTree = "<group>";
		};
		1058C7A2FEA54F0111CA2CBB /* Other Frameworks */ = {
			isa = PBXGroup;
			children = (
				22828EFC10131A41001B84BD /* Carbon.framework */,
				221F63F4100BC09700916122 /* libyajl.1.0.6.dylib */,
				221F62E4100BB81F00916122 /* Security.framework */,
				221F622A100BB81200916122 /* libxml2.2.dylib */,
				221F6228100BB80900916122 /* Growl-WithInstaller.framework */,
				29B97324FDCFA39411CA2CEA /* AppKit.framework */,
				13E42FB307B3F0F600E4EEF1 /* CoreData.framework */,
				29B97325FDCFA39411CA2CEA /* Foundation.framework */,
			);
			name = "Other Frameworks";
			sourceTree = "<group>";
		};
		19C28FACFE9D520D11CA2CBB /* Products */ = {
			isa = PBXGroup;
			children = (
				8D1107320486CEB800E47090 /* Tototl.app */,
			);
			name = Products;
			sourceTree = "<group>";
		};
		221F61FC100BB76800916122 /* Tototl */ = {
			isa = PBXGroup;
			children = (
				221F6209100BB7D600916122 /* IXTototlAccount.h */,
				221F620A100BB7D600916122 /* IXTototlAccount.m */,
			);
			name = Tototl;
			sourceTree = "<group>";
		};
		221F620F100BB7DD00916122 /* Security */ = {
			isa = PBXGroup;
			children = (
				221F6210100BB7DD00916122 /* EMKeychainProxy.h */,
				221F6211100BB7DD00916122 /* EMKeychainProxy.m */,
				221F6212100BB7DD00916122 /* EMKeychainItem.h */,
				221F6213100BB7DD00916122 /* EMKeychainItem.m */,
			);
			name = Security;
			sourceTree = "<group>";
		};
		221F6216100BB7E600916122 /* Preferences */ = {
			isa = PBXGroup;
			children = (
				221F6950100C4F3800916122 /* Feedback */,
				221F692A100C4D0100916122 /* Updates */,
				221F68AE100C4A8B00916122 /* Configuration */,
				221F682C100BFBF200916122 /* Accounts */,
				221F6549100BD20900916122 /* MBPreferencesController.h */,
				221F654A100BD20900916122 /* MBPreferencesController.m */,
				221F654C100BD2AA00916122 /* IXPreferencesController.h */,
				221F654D100BD2AA00916122 /* IXPreferencesController.m */,
				221F6217100BB7E600916122 /* Preferences.xib */,
			);
			name = Preferences;
			sourceTree = "<group>";
		};
		221F621C100BB7EB00916122 /* Documentation & License */ = {
			isa = PBXGroup;
			children = (
				221F67BD100BF50400916122 /* MIT-License.rtf */,
				221F621D100BB7EB00916122 /* README.rtf */,
				221F621E100BB7EB00916122 /* BUILDING.rtf */,
			);
			name = "Documentation & License";
			sourceTree = "<group>";
		};
		221F62E7100BB83F00916122 /* Misc */ = {
			isa = PBXGroup;
			children = (
				221F62E8100BB83F00916122 /* Tototl.icns */,
				221F62E9100BB83F00916122 /* IxayaStamp.png */,
				221F62EA100BB83F00916122 /* SoftwareUpdate.icns */,
				221F62EB100BB83F00916122 /* iusethis12.png */,
			);
			name = Misc;
			sourceTree = "<group>";
		};
		221F62EC100BB83F00916122 /* Twitter */ = {
			isa = PBXGroup;
			children = (
				221F62ED100BB83F00916122 /* twitter_logo.png */,
				221F62EE100BB83F00916122 /* twitter_logo_32.png */,
				221F62EF100BB83F00916122 /* Twitter_bird.icns */,
				221F62F0100BB83F00916122 /* Twitter.icns */,
			);
			name = Twitter;
			sourceTree = "<group>";
		};
		221F62F1100BB83F00916122 /* Status */ = {
			isa = PBXGroup;
			children = (
				225852951012F8310013F51B /* idle.png */,
				221F62F2100BB83F00916122 /* available.png */,
				221F62F3100BB83F00916122 /* away.png */,
			);
			name = Status;
			sourceTree = "<group>";
		};
		221F62F4100BB83F00916122 /* Toolbar */ = {
			isa = PBXGroup;
			children = (
				221F62F5100BB83F00916122 /* Feedback.tiff */,
			);
			name = Toolbar;
			sourceTree = "<group>";
		};
		221F62F6100BB83F00916122 /* Sounds */ = {
			isa = PBXGroup;
			children = (
				221F62F7100BB83F00916122 /* ReceivedMessage.m4a */,
				221F62F8100BB83F00916122 /* SentMessage.m4a */,
				221F62F9100BB83F00916122 /* ReceivedDirectMessage.m4a */,
			);
			name = Sounds;
			sourceTree = "<group>";
		};
		221F62FA100BB83F00916122 /* Menubar */ = {
			isa = PBXGroup;
			children = (
				221F62FB100BB83F00916122 /* TototlHeadPurple.png */,
				221F62FC100BB83F00916122 /* TototlHeadBlue.png */,
				221F62FD100BB83F00916122 /* TototlHeadBlack.png */,
			);
			name = Menubar;
			sourceTree = "<group>";
		};
		221F6310100BB9AB00916122 /* Twitter */ = {
			isa = PBXGroup;
			children = (
				221F6341100BB9CF00916122 /* MATwitterEngine */,
				225850FF1012CF820013F51B /* Messages */,
				225850FE1012CF710013F51B /* Account */,
				225850F61012CE200013F51B /* IXTwitterUser.h */,
				225850F71012CE200013F51B /* IXTwitterUser.m */,
			);
			name = Twitter;
			sourceTree = "<group>";
		};
		221F6341100BB9CF00916122 /* MATwitterEngine */ = {
			isa = PBXGroup;
			children = (
				221F636D100BB9D000916122 /* Categories */,
				221F6360100BB9D000916122 /* Twitter YAJL Parsers */,
				221F6355100BB9D000916122 /* Twitter NSXML Parsers */,
				221F634A100BB9CF00916122 /* Twitter LibXML Parsers */,
				221F6342100BB9CF00916122 /* MGTwitterEngineGlobalHeader.h */,
				221F6343100BB9CF00916122 /* MGTwitterEngine.h */,
				221F6344100BB9CF00916122 /* MGTwitterEngine.m */,
				221F6345100BB9CF00916122 /* MGTwitterEngineDelegate.h */,
				221F6346100BB9CF00916122 /* MGTwitterHTTPURLConnection.h */,
				221F6347100BB9CF00916122 /* MGTwitterHTTPURLConnection.m */,
				221F6348100BB9CF00916122 /* MGTwitterRequestTypes.h */,
				221F6349100BB9CF00916122 /* MGTwitterParserDelegate.h */,
			);
			name = MATwitterEngine;
			sourceTree = "<group>";
		};
		221F634A100BB9CF00916122 /* Twitter LibXML Parsers */ = {
			isa = PBXGroup;
			children = (
				221F634B100BB9CF00916122 /* MGTwitterLibXMLParser.h */,
				221F634C100BB9CF00916122 /* MGTwitterLibXMLParser.m */,
				221F634D100BB9CF00916122 /* MGTwitterStatusesLibXMLParser.h */,
				221F634E100BB9CF00916122 /* MGTwitterStatusesLibXMLParser.m */,
				221F634F100BB9CF00916122 /* MGTwitterUsersLibXMLParser.h */,
				221F6350100BB9CF00916122 /* MGTwitterUsersLibXMLParser.m */,
				221F6351100BB9CF00916122 /* MGTwitterMessagesLibXMLParser.h */,
				221F6352100BB9CF00916122 /* MGTwitterMessagesLibXMLParser.m */,
				221F6353100BB9CF00916122 /* MGTwitterMiscLibXMLParser.h */,
				221F6354100BB9D000916122 /* MGTwitterMiscLibXMLParser.m */,
			);
			name = "Twitter LibXML Parsers";
			sourceTree = "<group>";
		};
		221F6355100BB9D000916122 /* Twitter NSXML Parsers */ = {
			isa = PBXGroup;
			children = (
				221F6356100BB9D000916122 /* MGTwitterXMLParser.h */,
				221F6357100BB9D000916122 /* MGTwitterXMLParser.m */,
				221F6358100BB9D000916122 /* MGTwitterStatusesParser.h */,
				221F6359100BB9D000916122 /* MGTwitterStatusesParser.m */,
				221F635A100BB9D000916122 /* MGTwitterUsersParser.h */,
				221F635B100BB9D000916122 /* MGTwitterUsersParser.m */,
				221F635C100BB9D000916122 /* MGTwitterMessagesParser.h */,
				221F635D100BB9D000916122 /* MGTwitterMessagesParser.m */,
				221F635E100BB9D000916122 /* MGTwitterMiscParser.h */,
				221F635F100BB9D000916122 /* MGTwitterMiscParser.m */,
			);
			name = "Twitter NSXML Parsers";
			sourceTree = "<group>";
		};
		221F6360100BB9D000916122 /* Twitter YAJL Parsers */ = {
			isa = PBXGroup;
			children = (
				221F6361100BB9D000916122 /* MGTwitterYAJLParser.h */,
				221F6362100BB9D000916122 /* MGTwitterYAJLParser.m */,
				221F6363100BB9D000916122 /* MGTwitterStatusesYAJLParser.h */,
				221F6364100BB9D000916122 /* MGTwitterStatusesYAJLParser.m */,
				221F6365100BB9D000916122 /* MGTwitterUsersYAJLParser.h */,
				221F6366100BB9D000916122 /* MGTwitterUsersYAJLParser.m */,
				221F6367100BB9D000916122 /* MGTwitterMessagesYAJLParser.h */,
				221F6368100BB9D000916122 /* MGTwitterMessagesYAJLParser.m */,
				221F6369100BB9D000916122 /* MGTwitterMiscYAJLParser.h */,
				221F636A100BB9D000916122 /* MGTwitterMiscYAJLParser.m */,
				221F636B100BB9D000916122 /* MGTwitterSearchYAJLParser.h */,
				221F636C100BB9D000916122 /* MGTwitterSearchYAJLParser.m */,
			);
			name = "Twitter YAJL Parsers";
			sourceTree = "<group>";
		};
		221F636D100BB9D000916122 /* Categories */ = {
			isa = PBXGroup;
			children = (
				221F636E100BB9D000916122 /* NSString+UUID.h */,
				221F636F100BB9D000916122 /* NSString+UUID.m */,
				221F6370100BB9D000916122 /* NSData+Base64.h */,
				221F6371100BB9D000916122 /* NSData+Base64.m */,
			);
			name = Categories;
			sourceTree = "<group>";
		};
		221F67C2100BF50D00916122 /* Visuals */ = {
			isa = PBXGroup;
			children = (
				221F686F100C0B4B00916122 /* DBBackgroundView.h */,
				221F686D100C0B4B00916122 /* DBBackgroundView.m */,
				221F686E100C0B4B00916122 /* CTGradient.h */,
				221F6870100C0B4B00916122 /* CTGradient.m */,
				221F67BF100BF50900916122 /* RSVerticallyCenteredTextFieldCell.h */,
				221F67C0100BF50900916122 /* RSVerticallyCenteredTextFieldCell.m */,
			);
			name = Visuals;
			sourceTree = "<group>";
		};
		221F682C100BFBF200916122 /* Accounts */ = {
			isa = PBXGroup;
			children = (
				221F682D100BFC0000916122 /* EditAccounts */,
				221F6546100BD1B000916122 /* IXTototlAccountsPreferenceViewController.h */,
				221F6547100BD1B000916122 /* IXTototlAccountsPreferenceViewController.m */,
				221F654F100BD2FF00916122 /* IXTototlAccountsPreferenceView.xib */,
				221F6B28100C6AD900916122 /* AccountsController.h */,
				221F6B29100C6AD900916122 /* AccountsController.m */,
			);
			name = Accounts;
			sourceTree = "<group>";
		};
		221F682D100BFC0000916122 /* EditAccounts */ = {
			isa = PBXGroup;
			children = (
				221F682E100BFC1000916122 /* IXTototlEditAccountWindowController.h */,
				221F682F100BFC1000916122 /* IXTototlEditAccountWindowController.m */,
				221F6831100BFC5700916122 /* IXTototlEditTwitterAccountWindowController.h */,
				221F6832100BFC5700916122 /* IXTototlEditTwitterAccountWindowController.m */,
				221F6834100BFC9200916122 /* IXTototlEditTwitterAccountWindow.xib */,
			);
			name = EditAccounts;
			sourceTree = "<group>";
		};
		221F68AE100C4A8B00916122 /* Configuration */ = {
			isa = PBXGroup;
			children = (
				221F68A4100C490A00916122 /* IXTototlConfigurationPreferenceView.xib */,
				221F68A7100C495400916122 /* IXTototlConfigurationPreferenceViewController.h */,
				221F68A8100C495400916122 /* IXTototlConfigurationPreferenceViewController.m */,
			);
			name = Configuration;
			sourceTree = "<group>";
		};
		221F692A100C4D0100916122 /* Updates */ = {
			isa = PBXGroup;
			children = (
				221F692E100C4D7000916122 /* IXTototlUpdatesPreferenceView.xib */,
				221F692B100C4D2D00916122 /* IXTototlUpdatesPreferenceViewController.h */,
				221F692C100C4D2D00916122 /* IXTototlUpdatesPreferenceViewController.m */,
			);
			name = Updates;
			sourceTree = "<group>";
		};
		221F6950100C4F3800916122 /* Feedback */ = {
			isa = PBXGroup;
			children = (
				221F694C100C4F3500916122 /* IXTototlFeedbackPreferenceView.xib */,
				221F694B100C4F3500916122 /* IXTototlFeedbackPreferenceViewController.h */,
				221F694D100C4F3500916122 /* IXTototlFeedbackPreferenceViewController.m */,
			);
			name = Feedback;
			sourceTree = "<group>";
		};
		225850FE1012CF710013F51B /* Account */ = {
			isa = PBXGroup;
			children = (
				221F620B100BB7D600916122 /* IXTwitterAccount.h */,
				221F620C100BB7D600916122 /* IXTwitterAccount.m */,
			);
			name = Account;
			sourceTree = "<group>";
		};
		225850FF1012CF820013F51B /* Messages */ = {
			isa = PBXGroup;
			children = (
				225850F21012CD310013F51B /* IXTwitterMessage.h */,
				225850F31012CD310013F51B /* IXTwitterMessage.m */,
				225850F91012CF0A0013F51B /* IXTwitterMessageWindowController.h */,
				225850FA1012CF0A0013F51B /* IXTwitterMessageWindowController.m */,
				225850FC1012CF670013F51B /* IXTwitterMessageWindow.xib */,
			);
			name = Messages;
			sourceTree = "<group>";
		};
		2258517F1012DC1A0013F51B /* Silk */ = {
			isa = PBXGroup;
			children = (
				225851831012DCB10013F51B /* heart.png */,
				225851811012DC240013F51B /* heart_broken.png */,
			);
			name = Silk;
			sourceTree = "<group>";
		};
		29B97314FDCFA39411CA2CEA /* Tototl */ = {
			isa = PBXGroup;
			children = (
				221F621C100BB7EB00916122 /* Documentation & License */,
				080E96DDFE201D6D7F000001 /* Classes */,
				29B97315FDCFA39411CA2CEA /* Other Sources */,
				29B97317FDCFA39411CA2CEA /* Resources */,
				29B97323FDCFA39411CA2CEA /* Frameworks */,
				19C28FACFE9D520D11CA2CBB /* Products */,
			);
			name = Tototl;
			sourceTree = "<group>";
		};
		29B97315FDCFA39411CA2CEA /* Other Sources */ = {
			isa = PBXGroup;
			children = (
				32CA4F630368D1EE00C91783 /* Tototl_Prefix.pch */,
				29B97316FDCFA39411CA2CEA /* main.m */,
			);
			name = "Other Sources";
			sourceTree = "<group>";
		};
		29B97317FDCFA39411CA2CEA /* Resources */ = {
			isa = PBXGroup;
			children = (
				22828E3010131297001B84BD /* Reply.png */,
				22828E3110131297001B84BD /* GrayReplay.png */,
				2258517F1012DC1A0013F51B /* Silk */,
				221F62FA100BB83F00916122 /* Menubar */,
				221F62F6100BB83F00916122 /* Sounds */,
				221F62F4100BB83F00916122 /* Toolbar */,
				221F62F1100BB83F00916122 /* Status */,
				221F62EC100BB83F00916122 /* Twitter */,
				221F62E7100BB83F00916122 /* Misc */,
				221F62E6100BB83F00916122 /* dsa_pub.pem */,
				8D1107310486CEB800E47090 /* Info.plist */,
				089C165CFE840E0CC02AAC07 /* InfoPlist.strings */,
				1DDD58140DA1D0A300B32029 /* MainMenu.xib */,
			);
			name = Resources;
			sourceTree = "<group>";
		};
		29B97323FDCFA39411CA2CEA /* Frameworks */ = {
			isa = PBXGroup;
			children = (
				1058C7A0FEA54F0111CA2CBB /* Linked Frameworks */,
				1058C7A2FEA54F0111CA2CBB /* Other Frameworks */,
			);
			name = Frameworks;
			sourceTree = "<group>";
		};
/* End PBXGroup section */

/* Begin PBXNativeTarget section */
		8D1107260486CEB800E47090 /* Tototl */ = {
			isa = PBXNativeTarget;
			buildConfigurationList = C01FCF4A08A954540054247B /* Build configuration list for PBXNativeTarget "Tototl" */;
			buildPhases = (
				8D1107290486CEB800E47090 /* Resources */,
				8D11072C0486CEB800E47090 /* Sources */,
				8D11072E0486CEB800E47090 /* Frameworks */,
				221F63EB100BBFC700916122 /* Copy Frameworks */,
			);
			buildRules = (
			);
			dependencies = (
			);
			name = Tototl;
			productInstallPath = "$(HOME)/Applications";
			productName = Tototl;
			productReference = 8D1107320486CEB800E47090 /* Tototl.app */;
			productType = "com.apple.product-type.application";
		};
/* End PBXNativeTarget section */

/* Begin PBXProject section */
		29B97313FDCFA39411CA2CEA /* Project object */ = {
			isa = PBXProject;
			buildConfigurationList = C01FCF4E08A954540054247B /* Build configuration list for PBXProject "Tototl" */;
			compatibilityVersion = "Xcode 3.1";
			hasScannedForEncodings = 1;
			mainGroup = 29B97314FDCFA39411CA2CEA /* Tototl */;
			projectDirPath = "";
			projectRoot = "";
			targets = (
				8D1107260486CEB800E47090 /* Tototl */,
			);
		};
/* End PBXProject section */

/* Begin PBXResourcesBuildPhase section */
		8D1107290486CEB800E47090 /* Resources */ = {
			isa = PBXResourcesBuildPhase;
			buildActionMask = 2147483647;
			files = (
				8D11072B0486CEB800E47090 /* InfoPlist.strings in Resources */,
				1DDD58160DA1D0A300B32029 /* MainMenu.xib in Resources */,
				221F621F100BB7EB00916122 /* README.rtf in Resources */,
				221F6220100BB7EB00916122 /* BUILDING.rtf in Resources */,
				221F62FE100BB83F00916122 /* dsa_pub.pem in Resources */,
				221F62FF100BB83F00916122 /* Tototl.icns in Resources */,
				221F6300100BB83F00916122 /* IxayaStamp.png in Resources */,
				221F6301100BB83F00916122 /* SoftwareUpdate.icns in Resources */,
				221F6302100BB83F00916122 /* iusethis12.png in Resources */,
				221F6303100BB83F00916122 /* twitter_logo.png in Resources */,
				221F6304100BB83F00916122 /* twitter_logo_32.png in Resources */,
				221F6305100BB83F00916122 /* Twitter_bird.icns in Resources */,
				221F6306100BB83F00916122 /* Twitter.icns in Resources */,
				221F6307100BB83F00916122 /* available.png in Resources */,
				221F6308100BB83F00916122 /* away.png in Resources */,
				221F6309100BB83F00916122 /* Feedback.tiff in Resources */,
				221F630A100BB83F00916122 /* ReceivedMessage.m4a in Resources */,
				221F630B100BB83F00916122 /* SentMessage.m4a in Resources */,
				221F630C100BB83F00916122 /* ReceivedDirectMessage.m4a in Resources */,
				221F630D100BB83F00916122 /* TototlHeadPurple.png in Resources */,
				221F630E100BB83F00916122 /* TototlHeadBlue.png in Resources */,
				221F630F100BB83F00916122 /* TototlHeadBlack.png in Resources */,
				221F6550100BD2FF00916122 /* IXTototlAccountsPreferenceView.xib in Resources */,
				221F67BE100BF50400916122 /* MIT-License.rtf in Resources */,
				221F6835100BFC9200916122 /* IXTototlEditTwitterAccountWindow.xib in Resources */,
				221F68A5100C490A00916122 /* IXTototlConfigurationPreferenceView.xib in Resources */,
				221F692F100C4D7000916122 /* IXTototlUpdatesPreferenceView.xib in Resources */,
				221F694E100C4F3500916122 /* IXTototlFeedbackPreferenceView.xib in Resources */,
				225850FD1012CF670013F51B /* IXTwitterMessageWindow.xib in Resources */,
				225851821012DC240013F51B /* heart_broken.png in Resources */,
				225851841012DCB10013F51B /* heart.png in Resources */,
				225852961012F8310013F51B /* idle.png in Resources */,
				22828E3210131297001B84BD /* Reply.png in Resources */,
				22828E3310131297001B84BD /* GrayReplay.png in Resources */,
			);
			runOnlyForDeploymentPostprocessing = 0;
		};
/* End PBXResourcesBuildPhase section */

/* Begin PBXSourcesBuildPhase section */
		8D11072C0486CEB800E47090 /* Sources */ = {
			isa = PBXSourcesBuildPhase;
			buildActionMask = 2147483647;
			files = (
				8D11072D0486CEB800E47090 /* main.m in Sources */,
				221F61F9100BB76500916122 /* AppDelegate.m in Sources */,
				221F620D100BB7D600916122 /* IXTototlAccount.m in Sources */,
				221F620E100BB7D600916122 /* IXTwitterAccount.m in Sources */,
				221F6214100BB7DD00916122 /* EMKeychainProxy.m in Sources */,
				221F6215100BB7DD00916122 /* EMKeychainItem.m in Sources */,
				221F6372100BB9D000916122 /* MGTwitterEngine.m in Sources */,
				221F6373100BB9D000916122 /* MGTwitterHTTPURLConnection.m in Sources */,
				221F6374100BB9D000916122 /* MGTwitterLibXMLParser.m in Sources */,
				221F6375100BB9D000916122 /* MGTwitterStatusesLibXMLParser.m in Sources */,
				221F6376100BB9D000916122 /* MGTwitterUsersLibXMLParser.m in Sources */,
				221F6377100BB9D000916122 /* MGTwitterMessagesLibXMLParser.m in Sources */,
				221F6378100BB9D000916122 /* MGTwitterMiscLibXMLParser.m in Sources */,
				221F6379100BB9D000916122 /* MGTwitterXMLParser.m in Sources */,
				221F637A100BB9D000916122 /* MGTwitterStatusesParser.m in Sources */,
				221F637B100BB9D000916122 /* MGTwitterUsersParser.m in Sources */,
				221F637C100BB9D000916122 /* MGTwitterMessagesParser.m in Sources */,
				221F637D100BB9D000916122 /* MGTwitterMiscParser.m in Sources */,
				221F637E100BB9D000916122 /* MGTwitterYAJLParser.m in Sources */,
				221F637F100BB9D000916122 /* MGTwitterStatusesYAJLParser.m in Sources */,
				221F6380100BB9D000916122 /* MGTwitterUsersYAJLParser.m in Sources */,
				221F6381100BB9D000916122 /* MGTwitterMessagesYAJLParser.m in Sources */,
				221F6382100BB9D000916122 /* MGTwitterMiscYAJLParser.m in Sources */,
				221F6383100BB9D000916122 /* MGTwitterSearchYAJLParser.m in Sources */,
				221F6384100BB9D000916122 /* NSString+UUID.m in Sources */,
				221F6385100BB9D000916122 /* NSData+Base64.m in Sources */,
				221F6548100BD1B000916122 /* IXTototlAccountsPreferenceViewController.m in Sources */,
				221F654B100BD20900916122 /* MBPreferencesController.m in Sources */,
				221F654E100BD2AA00916122 /* IXPreferencesController.m in Sources */,
				221F67C1100BF50900916122 /* RSVerticallyCenteredTextFieldCell.m in Sources */,
				221F6830100BFC1000916122 /* IXTototlEditAccountWindowController.m in Sources */,
				221F6833100BFC5700916122 /* IXTototlEditTwitterAccountWindowController.m in Sources */,
				221F6871100C0B4B00916122 /* DBBackgroundView.m in Sources */,
				221F6872100C0B4B00916122 /* CTGradient.m in Sources */,
				221F68A9100C495400916122 /* IXTototlConfigurationPreferenceViewController.m in Sources */,
				221F692D100C4D2D00916122 /* IXTototlUpdatesPreferenceViewController.m in Sources */,
				221F694F100C4F3500916122 /* IXTototlFeedbackPreferenceViewController.m in Sources */,
				221F6B2A100C6AD900916122 /* AccountsController.m in Sources */,
				225850F41012CD310013F51B /* IXTwitterMessage.m in Sources */,
				225850F81012CE200013F51B /* IXTwitterUser.m in Sources */,
				225850FB1012CF0A0013F51B /* IXTwitterMessageWindowController.m in Sources */,
			);
			runOnlyForDeploymentPostprocessing = 0;
		};
/* End PBXSourcesBuildPhase section */

/* Begin PBXVariantGroup section */
		089C165CFE840E0CC02AAC07 /* InfoPlist.strings */ = {
			isa = PBXVariantGroup;
			children = (
				089C165DFE840E0CC02AAC07 /* English */,
			);
			name = InfoPlist.strings;
			sourceTree = "<group>";
		};
		1DDD58140DA1D0A300B32029 /* MainMenu.xib */ = {
			isa = PBXVariantGroup;
			children = (
				1DDD58150DA1D0A300B32029 /* English */,
			);
			name = MainMenu.xib;
			sourceTree = "<group>";
		};
/* End PBXVariantGroup section */

/* Begin XCBuildConfiguration section */
		C01FCF4B08A954540054247B /* Debug */ = {
			isa = XCBuildConfiguration;
			buildSettings = {
				ALWAYS_SEARCH_USER_PATHS = NO;
				COPY_PHASE_STRIP = NO;
				FRAMEWORK_SEARCH_PATHS = (
					"$(inherited)",
					"\"$(SRCROOT)/../../../dependencies\"",
				);
				GCC_DYNAMIC_NO_PIC = NO;
				GCC_ENABLE_FIX_AND_CONTINUE = YES;
				GCC_MODEL_TUNING = G5;
				GCC_OPTIMIZATION_LEVEL = 0;
				GCC_PRECOMPILE_PREFIX_HEADER = YES;
				GCC_PREFIX_HEADER = Tototl_Prefix.pch;
				INFOPLIST_FILE = Info.plist;
				INSTALL_PATH = "$(HOME)/Applications";
				PRODUCT_NAME = Tototl;
			};
			name = Debug;
		};
		C01FCF4C08A954540054247B /* Release */ = {
			isa = XCBuildConfiguration;
			buildSettings = {
				ALWAYS_SEARCH_USER_PATHS = NO;
				DEBUG_INFORMATION_FORMAT = "dwarf-with-dsym";
				FRAMEWORK_SEARCH_PATHS = (
					"$(inherited)",
					"\"$(SRCROOT)/../../../dependencies\"",
				);
				GCC_MODEL_TUNING = G5;
				GCC_PRECOMPILE_PREFIX_HEADER = YES;
				GCC_PREFIX_HEADER = Tototl_Prefix.pch;
				INFOPLIST_FILE = Info.plist;
				INSTALL_PATH = "$(HOME)/Applications";
				PRODUCT_NAME = Tototl;
			};
			name = Release;
		};
		C01FCF4F08A954540054247B /* Debug */ = {
			isa = XCBuildConfiguration;
			buildSettings = {
				ARCHS = "$(ARCHS_STANDARD_32_BIT)";
				GCC_C_LANGUAGE_STANDARD = c99;
				GCC_OPTIMIZATION_LEVEL = 0;
				GCC_WARN_ABOUT_RETURN_TYPE = YES;
				GCC_WARN_UNUSED_VARIABLE = YES;
				HEADER_SEARCH_PATHS = (
					/usr/local/include/,
					/usr/include/libxml2,
				);
				ONLY_ACTIVE_ARCH = YES;
				OTHER_CFLAGS = "-DDEBUG";
				PREBINDING = NO;
				SDKROOT = macosx10.5;
			};
			name = Debug;
		};
		C01FCF5008A954540054247B /* Release */ = {
			isa = XCBuildConfiguration;
			buildSettings = {
				ARCHS = "$(ARCHS_STANDARD_32_BIT)";
				GCC_C_LANGUAGE_STANDARD = c99;
				GCC_WARN_ABOUT_RETURN_TYPE = YES;
				GCC_WARN_UNUSED_VARIABLE = YES;
				HEADER_SEARCH_PATHS = (
					/usr/include/libxml2,
					/usr/local/include/,
				);
				PREBINDING = NO;
				SDKROOT = macosx10.5;
			};
			name = Release;
		};
/* End XCBuildConfiguration section */

/* Begin XCConfigurationList section */
		C01FCF4A08A954540054247B /* Build configuration list for PBXNativeTarget "Tototl" */ = {
			isa = XCConfigurationList;
			buildConfigurations = (
				C01FCF4B08A954540054247B /* Debug */,
				C01FCF4C08A954540054247B /* Release */,
			);
			defaultConfigurationIsVisible = 0;
			defaultConfigurationName = Release;
		};
		C01FCF4E08A954540054247B /* Build configuration list for PBXProject "Tototl" */ = {
			isa = XCConfigurationList;
			buildConfigurations = (
				C01FCF4F08A954540054247B /* Debug */,
				C01FCF5008A954540054247B /* Release */,
			);
			defaultConfigurationIsVisible = 0;
			defaultConfigurationName = Release;
		};
/* End XCConfigurationList section */
	};
	rootObject = 29B97313FDCFA39411CA2CEA /* Project object */;
}
